# THIS IS AN AUTOGENERATED FILE. DO NOT EDIT THIS FILE DIRECTLY.
# yarn lockfile v1


"@carbon/charts@1.27.18":
  version "1.27.18"
  resolved "https://registry.yarnpkg.com/@carbon/charts/-/charts-1.27.18.tgz#690b08f07aaa1929dc32d5684fb66b7c30e60d94"
  integrity sha512-aKHxlC3GnJdUPwiAg4cBjLKNnoc1mz6Pir6GZUpuOWWPeHvFWA11/FsFLyLKxvLsA1Bpr2OFpaptkZvK0r/Odw==
  dependencies:
    "@carbon/colors" "^11.37.0"
    "@carbon/utils-position" "^1.3.0"
    "@ibm/telemetry-js" "^1.9.1"
    "@types/d3" "^7.4.3"
    "@types/topojson" "^3.2.6"
    d3 "^7.9.0"
    d3-cloud "^1.2.7"
    d3-sankey "^0.12.3"
    date-fns "^4.1.0"
    dompurify "^3.4.12"
    html-to-image "1.11.11"
    lodash-es "^4.18.0"
    topojson-client "^3.1.0"
    tslib "^2.8.1"

"@carbon/colors@^11.37.0", "@carbon/colors@^11.56.0":
  version "11.56.0"
  resolved "https://registry.yarnpkg.com/@carbon/colors/-/colors-11.56.0.tgz#86b72f17daff5f666b2cdf152bba5a49407dbf01"
  integrity sha512-YXRxH7xQ97Ck4PL31IzdhkI/k/xO5fg1eZwQwH53xzEC3dgxRZCseWOZmUNo2slSwZyp7kfHDaUGQsVk3OqHVQ==
  dependencies:
    "@ibm/telemetry-js" "^1.5.0"

"@carbon/feature-flags@^1.7.0":
  version "1.7.0"
  resolved "https://registry.yarnpkg.com/@carbon/feature-flags/-/feature-flags-1.7.0.tgz#89e4ebe7cb416269da7f14964e419c11c641e12d"
  integrity sha512-2U+pY/Eg2EDvpaLb7kAp6EVJ1C74tN4HUu2LWyhrpLxy/4jgtpmwEOPZj4PcHKzlzbN9eNMVqRULlXtD/b4JMw==
  dependencies:
    "@ibm/telemetry-js" "^1.5.0"

"@carbon/grid@^11.60.0":
  version "11.60.0"
  resolved "https://registry.yarnpkg.com/@carbon/grid/-/grid-11.60.0.tgz#25428d94e2687a3fa8a9b2f0de40c8998c2f6ddc"
  integrity sha512-xn9xJPU6CeRi/B7eOTfpS4KN3UXz5MoY3SBqDAUj3tIiR/S9GirN9GxQNP+0D8qLn+3AStwYzWGcjKTHBL9gqg==
  dependencies:
    "@carbon/layout" "^11.57.0"
    "@ibm/telemetry-js" "^1.5.0"

"@carbon/layout@^11.57.0":
  version "11.57.0"
  resolved "https://registry.yarnpkg.com/@carbon/layout/-/layout-11.57.0.tgz#1f0e03020f5e9c71f1a8b388a471060799f1aaa2"
  integrity sha512-izp/A8qkUvHA8cUfgYCZ2ROMM8D+k2f/knLdGoO4SpRp+jsyk3r3EK0P2LFjm49MdYS4LdMPrmOXb8PSauS3IQ==
  dependencies:
    "@ibm/telemetry-js" "^1.5.0"

"@carbon/motion@^11.50.0":
  version "11.50.0"
  resolved "https://registry.yarnpkg.com/@carbon/motion/-/motion-11.50.0.tgz#f8bbeb6d31d7ea8827d3e51913a750a56310fc30"
  integrity sha512-cwCAVdL9UMXBDzXZSMGzqB4BCr3FpPBDw0IOZtwRsnf+eoPecsCsCyfkE9ncTgUPIkZWPL3eGyCfNN23j+n4KA==
  dependencies:
    "@ibm/telemetry-js" "^1.5.0"

"@carbon/styles@1.113.0":
  version "1.113.0"
  resolved "https://registry.yarnpkg.com/@carbon/styles/-/styles-1.113.0.tgz#a525d174627e5b6a2b8018196ac28df5a57a1111"
  integrity sha512-Z7nYrujMEg8ceSdkZJDXOJm+S4RSjOBCARgqv+gTYSecoTr9fhj7eGzselcHQ5i0wE2m1eXKd1jJIYjkB859NQ==
  dependencies:
    "@carbon/colors" "^11.56.0"
    "@carbon/feature-flags" "^1.7.0"
    "@carbon/grid" "^11.60.0"
    "@carbon/layout" "^11.57.0"
    "@carbon/motion" "^11.50.0"
    "@carbon/themes" "^11.79.0"
    "@carbon/type" "^11.65.0"
    "@ibm/plex" "6.4.1"
    "@ibm/plex-mono" "2.5.0"
    "@ibm/plex-sans" "1.1.0"
    "@ibm/plex-sans-arabic" "1.1.0"
    "@ibm/plex-sans-devanagari" "1.1.0"
    "@ibm/plex-sans-hebrew" "1.1.0"
    "@ibm/plex-sans-thai" "1.1.0"
    "@ibm/plex-sans-thai-looped" "1.1.0"
    "@ibm/plex-serif" "2.0.0"
    "@ibm/telemetry-js" "^1.5.0"

"@carbon/themes@^11.79.0":
  version "11.79.0"
  resolved "https://registry.yarnpkg.com/@carbon/themes/-/themes-11.79.0.tgz#55a1c8151cd964bb8188978aba5cd9b9f2a2bf83"
  integrity sha512-j1RFk2cFck5WZRfD5M2EGQF3vfaINKsmVWWr4dGjog6IYVLJe5n8XeNMt3uWgBprxb+AcuUemgrfeY9NiEyrSg==
  dependencies:
    "@carbon/colors" "^11.56.0"
    "@carbon/layout" "^11.57.0"
    "@carbon/type" "^11.65.0"
    "@ibm/telemetry-js" "^1.5.0"
    color "^4.0.0"

"@carbon/type@^11.65.0":
  version "11.65.0"
  resolved "https://registry.yarnpkg.com/@carbon/type/-/type-11.65.0.tgz#fa52323163a62af3897cd502eab67f5337fefc32"
  integrity sha512-ufP5+vGEYn4BqA4TpwLAS7ekl9OlLvE7NZthfZhKi/xr8PDSdHmreeHjGIguxSfBCr4FssydyFHKM/83dNlrhQ==
  dependencies:
    "@carbon/grid" "^11.60.0"
    "@carbon/layout" "^11.57.0"
    "@ibm/telemetry-js" "^1.5.0"

"@carbon/utils-position@^1.3.0":
  version "1.3.0"
  resolved "https://registry.yarnpkg.com/@carbon/utils-position/-/utils-position-1.3.0.tgz#c5d145b2015828a04f1d90abb8033e05708d8833"
  integrity sha512-bfar2dV+fQ15syIrH3n9ujY4PXd1Q+AF2VcTLJIC04IDe2f80zOnJlLNPc/RktHcWTZ7WSQm80cQo3abGcsfTA==
  dependencies:
    "@ibm/telemetry-js" "^1.5.1"

"@ibm/plex-mono@2.5.0":
  version "2.5.0"
  resolved "https://registry.yarnpkg.com/@ibm/plex-mono/-/plex-mono-2.5.0.tgz#152c0b1dda619ef5f032db258bda798cf278125e"
  integrity sha512-STBJIPxPomOYPmBMO7z5TKPJUotAF9u3gAUumTqVgwgrAO+K4FRNh0MlhsoJjKhJKsMbBJR10/bk4inkj/wc1w==
  dependencies:
    "@ibm/telemetry-js" "^1.6.1"

"@ibm/plex-sans-arabic@1.1.0":
  version "1.1.0"
  resolved "https://registry.yarnpkg.com/@ibm/plex-sans-arabic/-/plex-sans-arabic-1.1.0.tgz#01e351a87f9d21378c38738d016f1dbf8ef20a0a"
  integrity sha512-u8wIS6szLAOFvlBjCFZmtpKIqbhuIuniG2N0J+sio8vV6INH58hP0t0QNYrSl9SZtCv2Fwb4oQGuZJY3kJ4+QA==
  dependencies:
    "@ibm/telemetry-js" "^1.6.1"

"@ibm/plex-sans-devanagari@1.1.0":
  version "1.1.0"
  resolved "https://registry.yarnpkg.com/@ibm/plex-sans-devanagari/-/plex-sans-devanagari-1.1.0.tgz#b8873d547debc4937343a2566819c273299816f3"
  integrity sha512-IVNV9NxXZDzcGZRao/xj+kiFwkdLkcw5vNiKwY8wEzzkpjApXJnPhJ0a7mIKNAh8oIadTIF68+iGtzRKK3nXAQ==
  dependencies:
    "@ibm/telemetry-js" "^1.6.1"

"@ibm/plex-sans-hebrew@1.1.0":
  version "1.1.0"
  resolved "https://registry.yarnpkg.com/@ibm/plex-sans-hebrew/-/plex-sans-hebrew-1.1.0.tgz#6016e57dd24c1a3cfa889c672164bedae56e4869"
  integrity sha512-iix0rLpUD0E8dE8q+/t3B7u1or7h6gEzoy6TK9NwP41AN31WE55f2cFwQAXomBDwr0Ozc9sHYy97NutEukZXzQ==
  dependencies:
    "@ibm/telemetry-js" "^1.6.1"

"@ibm/plex-sans-thai-looped@1.1.0":
  version "1.1.0"
  resolved "https://registry.yarnpkg.com/@ibm/plex-sans-thai-looped/-/plex-sans-thai-looped-1.1.0.tgz#21db23f3df062d223bc422d24c8667d26cd7198e"
  integrity sha512-9zbDGzmtscHgBRTF88y3/92zQx6lmKjz5ZxhgcljilwOpj08BAytDc3mzUl9XGUh+DmOMl0Ql1lk6ecsEYYg2w==
  dependencies:
    "@ibm/telemetry-js" "^1.6.1"

"@ibm/plex-sans-thai@1.1.0":
  version "1.1.0"
  resolved "https://registry.yarnpkg.com/@ibm/plex-sans-thai/-/plex-sans-thai-1.1.0.tgz#d5b7490f349d641d13fa3a6bb8ce27f5b70e69e2"
  integrity sha512-vk7IrjdO69eEElJpFBppCha/wvU48DFyVuDewcfIf5L6Z11s0vbROANCvKipVPRUz1LE4ron8KoitWGcl3AlfA==
  dependencies:
    "@ibm/telemetry-js" "^1.6.1"

"@ibm/plex-sans@1.1.0":
  version "1.1.0"
  resolved "https://registry.yarnpkg.com/@ibm/plex-sans/-/plex-sans-1.1.0.tgz#44a45a8e269870221c431eb4e8023dca6ed21ceb"
  integrity sha512-WPgvO6Yfj2w5YbhyAr1tv95RUz4LRJlqN+CmYvBglabXteufP1D1E9BABMde+ZIKdRbFJDoKF5eQzfhpnbgZcQ==
  dependencies:
    "@ibm/telemetry-js" "^1.6.1"

"@ibm/plex-serif@2.0.0":
  version "2.0.0"
  resolved "https://registry.yarnpkg.com/@ibm/plex-serif/-/plex-serif-2.0.0.tgz#536fed68f481dea2435653e7c2a743f5a2249bdd"
  integrity sha512-xVu9JsC18tBoQF2M6fofpsWrHj5a94saxlOZbYmXoC0E3UfjgS1JlibgrnaUJjnkLlEyCpMgI2PdhkDxijw0gA==
  dependencies:
    "@ibm/telemetry-js" "^1.6.1"

"@ibm/plex@6.4.1":
  version "6.4.1"
  resolved "https://registry.yarnpkg.com/@ibm/plex/-/plex-6.4.1.tgz#22b9ff26074b816ad01d3a242dbe33be106b0889"
  integrity sha512-fnsipQywHt3zWvsnlyYKMikcVI7E2fEwpiPnIHFqlbByXVfQfANAAeJk1IV4mNnxhppUIDlhU0TzwYwL++Rn2g==
  dependencies:
    "@ibm/telemetry-js" "^1.5.1"

"@ibm/telemetry-js@^1.5.0", "@ibm/telemetry-js@^1.5.1", "@ibm/telemetry-js@^1.6.1", "@ibm/telemetry-js@^1.9.1":
  version "1.11.0"
  resolved "https://registry.yarnpkg.com/@ibm/telemetry-js/-/telemetry-js-1.11.0.tgz#3270e7b7ec8f30eb940e1d28448315ea9287062e"
  integrity sha512-RO/9j+URJnSfseWg9ZkEX9p+a3Ousd33DBU7rOafoZB08RqdzxFVYJ2/iM50dkBuD0o7WX7GYt1sLbNgCoE+pA==

"@parcel/watcher-android-arm64@2.6.0":
  version "2.6.0"
  resolved "https://registry.yarnpkg.com/@parcel/watcher-android-arm64/-/watcher-android-arm64-2.6.0.tgz#99aaa3223d43807c9340af439cad7e9b6d26ada6"
  integrity sha512-trgpLSCKRC/huFjXX/Smh+0sWe4+YtKfktIToiMl59ghz7z+qkH6kMvNnUbLyRs9N11t8l4svSCs1+5B3rOAhA==

"@parcel/watcher-darwin-arm64@2.6.0":
  version "2.6.0"
  resolved "https://registry.yarnpkg.com/@parcel/watcher-darwin-arm64/-/watcher-darwin-arm64-2.6.0.tgz#024496e586b4744f09ce532bbe89fe38ef02a64e"
  integrity sha512-Y3QV0gl7Q1zbfueunkWIERICbEojQFCgpyG7YqOGNFLsckXyI1xu9mAIUpKY9QBYzBtSkN8dBPwd3yiAO9ovMw==

"@parcel/watcher-darwin-x64@2.6.0":
  version "2.6.0"
  resolved "https://registry.yarnpkg.com/@parcel/watcher-darwin-x64/-/watcher-darwin-x64-2.6.0.tgz#a4621df1359a93d39a332d9bab5ff09016a0608f"
  integrity sha512-Ohv6OpzhUfKYD7Beb8kDvG0jbIxORCYY1JRdZnaBtnjjkJxgD7ZVL0nw2sCYd0yTMKTvz3nnTnOF3cDifK+kvw==

"@parcel/watcher-freebsd-x64@2.6.0":
  version "2.6.0"
  resolved "https://registry.yarnpkg.com/@parcel/watcher-freebsd-x64/-/watcher-freebsd-x64-2.6.0.tgz#7f565ed1a5b3a5e604e6a4799121518265d62a3d"
  integrity sha512-5HmXvDgs8VK+74jF9y9/2FE3/OnlcKmc56tjmSrEuZjpSZOGL+fvAu+HKJBdPs9uwoP2hE6TlSUpXZ/C5jUFmQ==

"@parcel/watcher-linux-arm-glibc@2.6.0":
  version "2.6.0"
  resolved "https://registry.yarnpkg.com/@parcel/watcher-linux-arm-glibc/-/watcher-linux-arm-glibc-2.6.0.tgz#ad7d3825e67b81999165da42593022045abc0889"
  integrity sha512-Ps/hui3A+vMbjdqlqAowK2ZL8+BO8dBjxeWXj6npTBs3jx4wWmbPpaLuqwrQrSqIVMCnpWo238bJ1U37GhQOYg==

"@parcel/watcher-linux-arm-musl@2.6.0":
  version "2.6.0"
  resolved "https://registry.yarnpkg.com/@parcel/watcher-linux-arm-musl/-/watcher-linux-arm-musl-2.6.0.tgz#fe7d1cccb2c483215c090e938cf5cf404d2f9a8c"
  integrity sha512-9c6AUHgHoG+IY88MRIHupztQiQnrbqHYQjkM2btA+Bf/wQnQMuiD0Wfk1EVv3TlNT3x41uU71rn6E4xh/+zvkw==

"@parcel/watcher-linux-arm64-glibc@2.6.0":
  version "2.6.0"
  resolved "https://registry.yarnpkg.com/@parcel/watcher-linux-arm64-glibc/-/watcher-linux-arm64-glibc-2.6.0.tgz#7e239dcb4646c4c79f006a7131a48238249530da"
  integrity sha512-yHRqS2owEXe6Hic9z6Mh1ECsCd+ODVOGvZDyciqRd21+v+o+DnXMOrw50DSpIG2sb8GPEaPPmfeCAWKPJdq46g==

"@parcel/watcher-linux-arm64-musl@2.6.0":
  version "2.6.0"
  resolved "https://registry.yarnpkg.com/@parcel/watcher-linux-arm64-musl/-/watcher-linux-arm64-musl-2.6.0.tgz#c58b8d9c6d8d81594be00dd83aab741c1aaf7e0e"
  integrity sha512-WhB2e/V7rqdHHWZusBSPuy5Ei8S6lSz6FE5TKKQz5h3a0O+C+mhY7vxU9b/stqvMb8beLnPY82ZrFTLKs+SrKA==

"@parcel/watcher-linux-x64-glibc@2.6.0":
  version "2.6.0"
  resolved "https://registry.yarnpkg.com/@parcel/watcher-linux-x64-glibc/-/watcher-linux-x64-glibc-2.6.0.tgz#5184fa9a770478d86e56875f4ee163a0abdc8791"
  integrity sha512-ulGE6x6Oz6iAwg75T8YQSoguBWasniIbX+QWpaYPcCnDOpdWX3k+4xbEYPZVLxOuoJI+svJJPD3sEj8G7lrQ3A==

"@parcel/watcher-linux-x64-musl@2.6.0":
  version "2.6.0"
  resolved "https://registry.yarnpkg.com/@parcel/watcher-linux-x64-musl/-/watcher-linux-x64-musl-2.6.0.tgz#2d1c55aa7246cbc7670e2612058a8a542c9cf246"
  integrity sha512-tkBYKt7YQrjIJWYDnto2YgO8MRkjlMTSNoRHzsXinBqbLdeOM3L32wPZJvIZxqaLMfSlS/4sUjH/6STVP/XDLw==

"@parcel/watcher-win32-arm64@2.6.0":
  version "2.6.0"
  resolved "https://registry.yarnpkg.com/@parcel/watcher-win32-arm64/-/watcher-win32-arm64-2.6.0.tgz#15e09432040fee9e2213aa9c10ed589012526def"
  integrity sha512-gIZAP23jaHjGWasY/TY6yL7NHFClf0Ga7FN+iINvk+KN94rhm94lYZhFsbYFNcA04/onvGD9kKmiJLJB2HbNwQ==

"@parcel/watcher-win32-x64@2.6.0":
  version "2.6.0"
  resolved "https://registry.yarnpkg.com/@parcel/watcher-win32-x64/-/watcher-win32-x64-2.6.0.tgz#9bee199a2a4accd557b451ac2c1c793f305ae012"
  integrity sha512-cA+/pXV2YkfxlIcXOQ5fSWqAzzPyD78/x5qbK/I0vUkrlYHA8TIz+MXjAbGouguKVSI4bOmkTSJ1/poVSsgt+A==

"@parcel/watcher@^2.4.1":
  version "2.6.0"
  resolved "https://registry.yarnpkg.com/@parcel/watcher/-/watcher-2.6.0.tgz#99661f6220070b76a766aba6b7e313a087a1be4f"
  integrity sha512-7FNeNl8NCE7aINx7WXiKQrPYZWC/hvrTsmk6zmxbI7LTXE7hVek/n8AfVgpe2y82zl3w0HvCHN0bVKMBoJcC0w==
  dependencies:
    detect-libc "^2.0.3"
    is-glob "^4.0.3"
    node-addon-api "^7.0.0"
    picomatch "^4.0.4"
  optionalDependencies:
    "@parcel/watcher-android-arm64" "2.6.0"
    "@parcel/watcher-darwin-arm64" "2.6.0"
    "@parcel/watcher-darwin-x64" "2.6.0"
    "@parcel/watcher-freebsd-x64" "2.6.0"
    "@parcel/watcher-linux-arm-glibc" "2.6.0"
    "@parcel/watcher-linux-arm-musl" "2.6.0"
    "@parcel/watcher-linux-arm64-glibc" "2.6.0"
    "@parcel/watcher-linux-arm64-musl" "2.6.0"
    "@parcel/watcher-linux-x64-glibc" "2.6.0"
    "@parcel/watcher-linux-x64-musl" "2.6.0"
    "@parcel/watcher-win32-arm64" "2.6.0"
    "@parcel/watcher-win32-x64" "2.6.0"

"@tanstack/store@^0.11.1":
  version "0.11.1"
  resolved "https://registry.yarnpkg.com/@tanstack/store/-/store-0.11.1.tgz#063f634fe3cc925ad83704581a7be75301bec612"
  integrity sha512-mzTOBhypOuDJAy/D8n2MfUZ1HFkXnmSETviRyhqEC8LUE7/IZQExOTxMANj3KjTofYTkFNpBY67qaVrT41YccA==

"@tanstack/table-core@9.2.4":
  version "9.2.4"
  resolved "https://registry.yarnpkg.com/@tanstack/table-core/-/table-core-9.2.4.tgz#8d1b339d6118d306ded4ec8516419320ad2b9e57"
  integrity sha512-GwdDyGGr6UXAtubF14yAwcXvdaogqfsQgIk89Suebjxob/Rjq2xvfmXsjDF1rQmKmhHsJm9TOY7myxv3i6geJw==
  dependencies:
    "@tanstack/store" "^0.11.1"

"@tanstack/virtual-core@3.17.8":
  version "3.17.8"
  resolved "https://registry.yarnpkg.com/@tanstack/virtual-core/-/virtual-core-3.17.8.tgz#3a801d8b0569a67b7490d3fe64c83758d18a230c"
  integrity sha512-BfEvehNpOT75r5Ksc5xW6NZuXujTfb7nlSEyVu4XHG3gdxNg1KqXruWbDewXOUaUYIo4oRbSfkjIajz4MAT8tA==

"@types/d3-array@*":
  version "3.2.2"
  resolved "https://registry.yarnpkg.com/@types/d3-array/-/d3-array-3.2.2.tgz#e02151464d02d4a1b44646d0fcdb93faf88fde8c"
  integrity sha512-hOLWVbm7uRza0BYXpIIW5pxfrKe0W+D5lrFiAEYR+pb6w3N2SwSMaJbXdUfSEv+dT4MfHBLtn5js0LAWaO6otw==

"@types/d3-axis@*":
  version "3.0.6"
  resolved "https://registry.yarnpkg.com/@types/d3-axis/-/d3-axis-3.0.6.tgz#e760e5765b8188b1defa32bc8bb6062f81e4c795"
  integrity sha512-pYeijfZuBd87T0hGn0FO1vQ/cgLk6E1ALJjfkC0oJ8cbwkZl3TpgS8bVBLZN+2jjGgg38epgxb2zmoGtSfvgMw==
  dependencies:
    "@types/d3-selection" "*"

"@types/d3-brush@*":
  version "3.0.6"
  resolved "https://registry.yarnpkg.com/@types/d3-brush/-/d3-brush-3.0.6.tgz#c2f4362b045d472e1b186cdbec329ba52bdaee6c"
  integrity sha512-nH60IZNNxEcrh6L1ZSMNA28rj27ut/2ZmI3r96Zd+1jrZD++zD3LsMIjWlvg4AYrHn/Pqz4CF3veCxGjtbqt7A==
  dependencies:
    "@types/d3-selection" "*"

"@types/d3-chord@*":
  version "3.0.6"
  resolved "https://registry.yarnpkg.com/@types/d3-chord/-/d3-chord-3.0.6.tgz#1706ca40cf7ea59a0add8f4456efff8f8775793d"
  integrity sha512-LFYWWd8nwfwEmTZG9PfQxd17HbNPksHBiJHaKuY1XeqscXacsS2tyoo6OdRsjf+NQYeB6XrNL3a25E3gH69lcg==

"@types/d3-color@*":
  version "3.1.3"
  resolved "https://registry.yarnpkg.com/@types/d3-color/-/d3-color-3.1.3.tgz#368c961a18de721da8200e80bf3943fb53136af2"
  integrity sha512-iO90scth9WAbmgv7ogoq57O9YpKmFBbmoEoCHDB2xMBY0+/KVrqAaCDyCE16dUspeOvIxFFRI+0sEtqDqy2b4A==

"@types/d3-contour@*":
  version "3.0.6"
  resolved "https://registry.yarnpkg.com/@types/d3-contour/-/d3-contour-3.0.6.tgz#9ada3fa9c4d00e3a5093fed0356c7ab929604231"
  integrity sha512-BjzLgXGnCWjUSYGfH1cpdo41/hgdWETu4YxpezoztawmqsvCeep+8QGfiY6YbDvfgHz/DkjeIkkZVJavB4a3rg==
  dependencies:
    "@types/d3-array" "*"
    "@types/geojson" "*"

"@types/d3-delaunay@*":
  version "6.0.4"
  resolved "https://registry.yarnpkg.com/@types/d3-delaunay/-/d3-delaunay-6.0.4.tgz#185c1a80cc807fdda2a3fe960f7c11c4a27952e1"
  integrity sha512-ZMaSKu4THYCU6sV64Lhg6qjf1orxBthaC161plr5KuPHo3CNm8DTHiLw/5Eq2b6TsNP0W0iJrUOFscY6Q450Hw==

"@types/d3-dispatch@*":
  version "3.0.7"
  resolved "https://registry.yarnpkg.com/@types/d3-dispatch/-/d3-dispatch-3.0.7.tgz#ef004d8a128046cfce434d17182f834e44ef95b2"
  integrity sha512-5o9OIAdKkhN1QItV2oqaE5KMIiXAvDWBDPrD85e58Qlz1c1kI/J0NcqbEG88CoTwJrYe7ntUCVfeUl2UJKbWgA==

"@types/d3-drag@*":
  version "3.0.7"
  resolved "https://registry.yarnpkg.com/@types/d3-drag/-/d3-drag-3.0.7.tgz#b13aba8b2442b4068c9a9e6d1d82f8bcea77fc02"
  integrity sha512-HE3jVKlzU9AaMazNufooRJ5ZpWmLIoc90A37WU2JMmeq28w1FQqCZswHZ3xR+SuxYftzHq6WU6KJHvqxKzTxxQ==
  dependencies:
    "@types/d3-selection" "*"

"@types/d3-dsv@*":
  version "3.0.7"
  resolved "https://registry.yarnpkg.com/@types/d3-dsv/-/d3-dsv-3.0.7.tgz#0a351f996dc99b37f4fa58b492c2d1c04e3dac17"
  integrity sha512-n6QBF9/+XASqcKK6waudgL0pf/S5XHPPI8APyMLLUHd8NqouBGLsU8MgtO7NINGtPBtk9Kko/W4ea0oAspwh9g==

"@types/d3-ease@*":
  version "3.0.2"
  resolved "https://registry.yarnpkg.com/@types/d3-ease/-/d3-ease-3.0.2.tgz#e28db1bfbfa617076f7770dd1d9a48eaa3b6c51b"
  integrity sha512-NcV1JjO5oDzoK26oMzbILE6HW7uVXOHLQvHshBUW4UMdZGfiY6v5BeQwh9a9tCzv+CeefZQHJt5SRgK154RtiA==

"@types/d3-fetch@*":
  version "3.0.7"
  resolved "https://registry.yarnpkg.com/@types/d3-fetch/-/d3-fetch-3.0.7.tgz#c04a2b4f23181aa376f30af0283dbc7b3b569980"
  integrity sha512-fTAfNmxSb9SOWNB9IoG5c8Hg6R+AzUHDRlsXsDZsNp6sxAEOP0tkP3gKkNSO/qmHPoBFTxNrjDprVHDQDvo5aA==
  dependencies:
    "@types/d3-dsv" "*"

"@types/d3-force@*":
  version "3.0.10"
  resolved "https://registry.yarnpkg.com/@types/d3-force/-/d3-force-3.0.10.tgz#6dc8fc6e1f35704f3b057090beeeb7ac674bff1a"
  integrity sha512-ZYeSaCF3p73RdOKcjj+swRlZfnYpK1EbaDiYICEEp5Q6sUiqFaFQ9qgoshp5CzIyyb/yD09kD9o2zEltCexlgw==

"@types/d3-format@*":
  version "3.0.4"
  resolved "https://registry.yarnpkg.com/@types/d3-format/-/d3-format-3.0.4.tgz#b1e4465644ddb3fdf3a263febb240a6cd616de90"
  integrity sha512-fALi2aI6shfg7vM5KiR1wNJnZ7r6UuggVqtDA+xiEdPZQwy/trcQaHnwShLuLdta2rTymCNpxYTiMZX/e09F4g==

"@types/d3-geo@*":
  version "3.1.0"
  resolved "https://registry.yarnpkg.com/@types/d3-geo/-/d3-geo-3.1.0.tgz#b9e56a079449174f0a2c8684a9a4df3f60522440"
  integrity sha512-856sckF0oP/diXtS4jNsiQw/UuK5fQG8l/a9VVLeSouf1/PPbBE1i1W852zVwKwYCBkFJJB7nCFTbk6UMEXBOQ==
  dependencies:
    "@types/geojson" "*"

"@types/d3-hierarchy@*":
  version "3.1.7"
  resolved "https://registry.yarnpkg.com/@types/d3-hierarchy/-/d3-hierarchy-3.1.7.tgz#6023fb3b2d463229f2d680f9ac4b47466f71f17b"
  integrity sha512-tJFtNoYBtRtkNysX1Xq4sxtjK8YgoWUNpIiUee0/jHGRwqvzYxkq0hGVbbOGSz+JgFxxRu4K8nb3YpG3CMARtg==

"@types/d3-interpolate@*":
  version "3.0.4"
  resolved "https://registry.yarnpkg.com/@types/d3-interpolate/-/d3-interpolate-3.0.4.tgz#412b90e84870285f2ff8a846c6eb60344f12a41c"
  integrity sha512-mgLPETlrpVV1YRJIglr4Ez47g7Yxjl1lj7YKsiMCb27VJH9W8NVM6Bb9d8kkpG/uAQS5AmbA48q2IAolKKo1MA==
  dependencies:
    "@types/d3-color" "*"

"@types/d3-path@*":
  version "3.1.1"
  resolved "https://registry.yarnpkg.com/@types/d3-path/-/d3-path-3.1.1.tgz#f632b380c3aca1dba8e34aa049bcd6a4af23df8a"
  integrity sha512-VMZBYyQvbGmWyWVea0EHs/BwLgxc+MKi1zLDCONksozI4YJMcTt8ZEuIR4Sb1MMTE8MMW49v0IwI5+b7RmfWlg==

"@types/d3-polygon@*":
  version "3.0.2"
  resolved "https://registry.yarnpkg.com/@types/d3-polygon/-/d3-polygon-3.0.2.tgz#dfae54a6d35d19e76ac9565bcb32a8e54693189c"
  integrity sha512-ZuWOtMaHCkN9xoeEMr1ubW2nGWsp4nIql+OPQRstu4ypeZ+zk3YKqQT0CXVe/PYqrKpZAi+J9mTs05TKwjXSRA==

"@types/d3-quadtree@*":
  version "3.0.6"
  resolved "https://registry.yarnpkg.com/@types/d3-quadtree/-/d3-quadtree-3.0.6.tgz#d4740b0fe35b1c58b66e1488f4e7ed02952f570f"
  integrity sha512-oUzyO1/Zm6rsxKRHA1vH0NEDG58HrT5icx/azi9MF1TWdtttWl0UIUsjEQBBh+SIkrpd21ZjEv7ptxWys1ncsg==

"@types/d3-random@*":
  version "3.0.4"
  resolved "https://registry.yarnpkg.com/@types/d3-random/-/d3-random-3.0.4.tgz#6bd3683b8332fc0f01e7059b7636bc5c7ede7337"
  integrity sha512-UHYId5WTCx4L4YNel7NU00XUXXgvgpgZOvp10PuvsQENjMDXhh2RyFc0KBjO7B45ne4Ha1yVH7ii0vnzKkuzWA==

"@types/d3-scale-chromatic@*":
  version "3.1.0"
  resolved "https://registry.yarnpkg.com/@types/d3-scale-chromatic/-/d3-scale-chromatic-3.1.0.tgz#dc6d4f9a98376f18ea50bad6c39537f1b5463c39"
  integrity sha512-iWMJgwkK7yTRmWqRB5plb1kadXyQ5Sj8V/zYlFGMUBbIPKQScw+Dku9cAAMgJG+z5GYDoMjWGLVOvjghDEFnKQ==

"@types/d3-scale@*":
  version "4.0.9"
  resolved "https://registry.yarnpkg.com/@types/d3-scale/-/d3-scale-4.0.9.tgz#57a2f707242e6fe1de81ad7bfcccaaf606179afb"
  integrity sha512-dLmtwB8zkAeO/juAMfnV+sItKjlsw2lKdZVVy6LRr0cBmegxSABiLEpGVmSJJ8O08i4+sGR6qQtb6WtuwJdvVw==
  dependencies:
    "@types/d3-time" "*"

"@types/d3-selection@*":
  version "3.0.11"
  resolved "https://registry.yarnpkg.com/@types/d3-selection/-/d3-selection-3.0.11.tgz#bd7a45fc0a8c3167a631675e61bc2ca2b058d4a3"
  integrity sha512-bhAXu23DJWsrI45xafYpkQ4NtcKMwWnAC/vKrd2l+nxMFuvOT3XMYTIj2opv8vq8AO5Yh7Qac/nSeP/3zjTK0w==

"@types/d3-shape@*":
  version "3.1.8"
  resolved "https://registry.yarnpkg.com/@types/d3-shape/-/d3-shape-3.1.8.tgz#d1516cc508753be06852cd06758e3bb54a22b0e3"
  integrity sha512-lae0iWfcDeR7qt7rA88BNiqdvPS5pFVPpo5OfjElwNaT2yyekbM0C9vK+yqBqEmHr6lDkRnYNoTBYlAgJa7a4w==
  dependencies:
    "@types/d3-path" "*"

"@types/d3-time-format@*":
  version "4.0.3"
  resolved "https://registry.yarnpkg.com/@types/d3-time-format/-/d3-time-format-4.0.3.tgz#d6bc1e6b6a7db69cccfbbdd4c34b70632d9e9db2"
  integrity sha512-5xg9rC+wWL8kdDj153qZcsJ0FWiFt0J5RB6LYUNZjwSnesfblqrI/bJ1wBdJ8OQfncgbJG5+2F+qfqnqyzYxyg==

"@types/d3-time@*":
  version "3.0.4"
  resolved "https://registry.yarnpkg.com/@types/d3-time/-/d3-time-3.0.4.tgz#8472feecd639691450dd8000eb33edd444e1323f"
  integrity sha512-yuzZug1nkAAaBlBBikKZTgzCeA+k1uy4ZFwWANOfKw5z5LRhV0gNA7gNkKm7HoK+HRN0wX3EkxGk0fpbWhmB7g==

"@types/d3-timer@*":
  version "3.0.2"
  resolved "https://registry.yarnpkg.com/@types/d3-timer/-/d3-timer-3.0.2.tgz#70bbda77dc23aa727413e22e214afa3f0e852f70"
  integrity sha512-Ps3T8E8dZDam6fUyNiMkekK3XUsaUEik+idO9/YjPtfj2qruF8tFBXS7XhtE4iIXBLxhmLjP3SXpLhVf21I9Lw==

"@types/d3-transition@*":
  version "3.0.9"
  resolved "https://registry.yarnpkg.com/@types/d3-transition/-/d3-transition-3.0.9.tgz#1136bc57e9ddb3c390dccc9b5ff3b7d2b8d94706"
  integrity sha512-uZS5shfxzO3rGlu0cC3bjmMFKsXv+SmZZcgp0KD22ts4uGXp5EVYGzu/0YdwZeKmddhcAccYtREJKkPfXkZuCg==
  dependencies:
    "@types/d3-selection" "*"

"@types/d3-zoom@*":
  version "3.0.8"
  resolved "https://registry.yarnpkg.com/@types/d3-zoom/-/d3-zoom-3.0.8.tgz#dccb32d1c56b1e1c6e0f1180d994896f038bc40b"
  integrity sha512-iqMC4/YlFCSlO8+2Ii1GGGliCAY4XdeG748w5vQUbevlbDu0zSjH/+jojorQVBK/se0j6DUFNPBGSqD3YWYnDw==
  dependencies:
    "@types/d3-interpolate" "*"
    "@types/d3-selection" "*"

"@types/d3@^7.4.3":
  version "7.4.3"
  resolved "https://registry.yarnpkg.com/@types/d3/-/d3-7.4.3.tgz#d4550a85d08f4978faf0a4c36b848c61eaac07e2"
  integrity sha512-lZXZ9ckh5R8uiFVt8ogUNf+pIrK4EsWrx2Np75WvF/eTpJ0FMHNhjXk8CKEx/+gpHbNQyJWehbFaTvqmHWB3ww==
  dependencies:
    "@types/d3-array" "*"
    "@types/d3-axis" "*"
    "@types/d3-brush" "*"
    "@types/d3-chord" "*"
    "@types/d3-color" "*"
    "@types/d3-contour" "*"
    "@types/d3-delaunay" "*"
    "@types/d3-dispatch" "*"
    "@types/d3-drag" "*"
    "@types/d3-dsv" "*"
    "@types/d3-ease" "*"
    "@types/d3-fetch" "*"
    "@types/d3-force" "*"
    "@types/d3-format" "*"
    "@types/d3-geo" "*"
    "@types/d3-hierarchy" "*"
    "@types/d3-interpolate" "*"
    "@types/d3-path" "*"
    "@types/d3-polygon" "*"
    "@types/d3-quadtree" "*"
    "@types/d3-random" "*"
    "@types/d3-scale" "*"
    "@types/d3-scale-chromatic" "*"
    "@types/d3-selection" "*"
    "@types/d3-shape" "*"
    "@types/d3-time" "*"
    "@types/d3-time-format" "*"
    "@types/d3-timer" "*"
    "@types/d3-transition" "*"
    "@types/d3-zoom" "*"

"@types/geojson@*":
  version "7946.0.16"
  resolved "https://registry.yarnpkg.com/@types/geojson/-/geojson-7946.0.16.tgz#8ebe53d69efada7044454e3305c19017d97ced2a"
  integrity sha512-6C8nqWur3j98U6+lXDfTUWIfgvZU+EumvpHKcYjujKH7woYyLj2sUmff0tRhrqM7BohUw7Pz3ZB1jj2gW9Fvmg==

"@types/topojson-client@*":
  version "3.1.5"
  resolved "https://registry.yarnpkg.com/@types/topojson-client/-/topojson-client-3.1.5.tgz#3fdbcd52161db8747a071b1d0f635ac700cf599d"
  integrity sha512-C79rySTyPxnQNNguTZNI1Ct4D7IXgvyAs3p9HPecnl6mNrJ5+UhvGNYcZfpROYV2lMHI48kJPxwR+F9C6c7nmw==
  dependencies:
    "@types/geojson" "*"
    "@types/topojson-specification" "*"

"@types/topojson-server@*":
  version "3.0.4"
  resolved "https://registry.yarnpkg.com/@types/topojson-server/-/topojson-server-3.0.4.tgz#7a18bfa740d95ad3ce57a68f4e662fa8dc3965ca"
  integrity sha512-5+ieK8ePfP+K2VH6Vgs1VCt+fO1U8XZHj0UsF+NktaF0DavAo1q3IvCBXgokk/xmtvoPltSUs6vxuR/zMdOE1g==
  dependencies:
    "@types/geojson" "*"
    "@types/topojson-specification" "*"

"@types/topojson-simplify@*":
  version "3.0.3"
  resolved "https://registry.yarnpkg.com/@types/topojson-simplify/-/topojson-simplify-3.0.3.tgz#03013bde7b3eb47cac98b74ecb2a739927087415"
  integrity sha512-sBO5UZ0O2dB0bNwo0vut2yLHhj3neUGi9uL7/ROdm8Gs6dtt4jcB9OGDKr+M2isZwQM2RuzVmifnMZpxj4IGNw==
  dependencies:
    "@types/geojson" "*"
    "@types/topojson-specification" "*"

"@types/topojson-specification@*":
  version "1.0.5"
  resolved "https://registry.yarnpkg.com/@types/topojson-specification/-/topojson-specification-1.0.5.tgz#bf0009b2e0debb2d97237b124c00b9ea92570375"
  integrity sha512-C7KvcQh+C2nr6Y2Ub4YfgvWvWCgP2nOQMtfhlnwsRL4pYmmwzBS7HclGiS87eQfDOU/DLQpX6GEscviaz4yLIQ==
  dependencies:
    "@types/geojson" "*"

"@types/topojson@^3.2.6":
  version "3.2.6"
  resolved "https://registry.yarnpkg.com/@types/topojson/-/topojson-3.2.6.tgz#8ca07f8e71b0d6f978bc2b1f0a1c745adc0b52cd"
  integrity sha512-ppfdlxjxofWJ66XdLgIlER/85RvpGyfOf8jrWf+3kVIjEatFxEZYD/Ea83jO672Xu1HRzd/ghwlbcZIUNHTskw==
  dependencies:
    "@types/geojson" "*"
    "@types/topojson-client" "*"
    "@types/topojson-server" "*"
    "@types/topojson-simplify" "*"
    "@types/topojson-specification" "*"

"@types/trusted-types@^2.0.7":
  version "2.0.7"
  resolved "https://registry.yarnpkg.com/@types/trusted-types/-/trusted-types-2.0.7.tgz#baccb07a970b91707df3a3e8ba6896c57ead2d11"
  integrity sha512-ScaPdn1dQczgbl0QFTeTOmVHFULt394XJgOQNoyVhZ6r2vLnMLJfBPd53SB52T/3G36VI1/g2MZaX0cwDuXsfw==

chokidar@^5.0.0:
  version "5.0.0"
  resolved "https://registry.yarnpkg.com/chokidar/-/chokidar-5.0.0.tgz#949c126a9238a80792be9a0265934f098af369a5"
  integrity sha512-TQMmc3w+5AxjpL8iIiwebF73dRDF4fBIieAqGn9RGCWaEVwQ6Fb2cGe31Yns0RRIzii5goJ1Y7xbMwo1TxMplw==
  dependencies:
    readdirp "^5.0.0"

color-convert@^2.0.1:
  version "2.0.1"
  resolved "https://registry.yarnpkg.com/color-convert/-/color-convert-2.0.1.tgz#72d3a68d598c9bdb3af2ad1e84f21d896abd4de3"
  integrity sha512-RRECPsj7iu/xb5oKYcsFHSppFNnsj/52OVTRKb4zP5onXwVF3zVmmToNcOfGC+CRDpfK/U584fMg38ZHCaElKQ==
  dependencies:
    color-name "~1.1.4"

color-name@^1.0.0, color-name@~1.1.4:
  version "1.1.4"
  resolved "https://registry.yarnpkg.com/color-name/-/color-name-1.1.4.tgz#c2a09a87acbde69543de6f63fa3995c826c536a2"
  integrity sha512-dOy+3AuW3a2wNbZHIuMZpTcgjGuLU/uBL/ubcZF9OXbDo8ff4O8yVp5Bf0efS8uEoYo5q4Fx7dY9OgQGXgAsQA==

color-string@^1.9.0:
  version "1.9.1"
  resolved "https://registry.yarnpkg.com/color-string/-/color-string-1.9.1.tgz#4467f9146f036f855b764dfb5bf8582bf342c7a4"
  integrity sha512-shrVawQFojnZv6xM40anx4CkoDP+fZsw/ZerEMsW/pyzsRbElpsL/DBVW7q3ExxwusdNXI3lXpuhEZkzs8p5Eg==
  dependencies:
    color-name "^1.0.0"
    simple-swizzle "^0.2.2"

color@^4.0.0:
  version "4.2.3"
  resolved "https://registry.yarnpkg.com/color/-/color-4.2.3.tgz#d781ecb5e57224ee43ea9627560107c0e0c6463a"
  integrity sha512-1rXeuUUiGGrykh+CeBdu5Ie7OJwinCgQY0bc7GCRxy5xVHy+moaqkpL/jqQq0MtQOeYcrqEz4abc5f0KtU7W4A==
  dependencies:
    color-convert "^2.0.1"
    color-string "^1.9.0"

commander@2:
  version "2.20.3"
  resolved "https://registry.yarnpkg.com/commander/-/commander-2.20.3.tgz#fd485e84c03eb4881c20722ba48035e8531aeb33"
  integrity sha512-GpVkmM8vF2vQUkj2LvZmD35JxeJOLCwJ9cUkugyk2nuhbv3+mJvpLYYt+0+USMxE+oj+ey/lJEnhZw75x/OMcQ==

commander@7:
  version "7.2.0"
  resolved "https://registry.yarnpkg.com/commander/-/commander-7.2.0.tgz#a36cb57d0b501ce108e4d20559a150a391d97ab7"
  integrity sha512-QrWXB+ZQSVPmIWIhtEO9H+gwHaMGYiF5ChvoJ+K9ZGHG/sVsa6yiesAD1GC/x46sET00Xlwo1u49RVVVzvcSkw==

"d3-array@1 - 2":
  version "2.12.1"
  resolved "https://registry.yarnpkg.com/d3-array/-/d3-array-2.12.1.tgz#e20b41aafcdffdf5d50928004ececf815a465e81"
  integrity sha512-B0ErZK/66mHtEsR1TkPEEkwdy+WDesimkM5gpZr5Dsg54BiTA5RXtYW5qTLIAcekaS9xfZrzBLF/OAkB3Qn1YQ==
  dependencies:
    internmap "^1.0.0"

"d3-array@2 - 3", "d3-array@2.10.0 - 3", "d3-array@2.5.0 - 3", d3-array@3, d3-array@^3.2.0:
  version "3.2.4"
  resolved "https://registry.yarnpkg.com/d3-array/-/d3-array-3.2.4.tgz#15fec33b237f97ac5d7c986dc77da273a8ed0bb5"
  integrity sha512-tdQAmyA18i4J7wprpYq8ClcxZy3SC31QMeByyCFyRt7BVHdREQZ5lpzoe5mFEYZUWe+oq8HBvk9JjpibyEV4Jg==
  dependencies:
    internmap "1 - 2"

d3-axis@3:
  version "3.0.0"
  resolved "https://registry.yarnpkg.com/d3-axis/-/d3-axis-3.0.0.tgz#c42a4a13e8131d637b745fc2973824cfeaf93322"
  integrity sha512-IH5tgjV4jE/GhHkRV0HiVYPDtvfjHQlQfJHs0usq7M30XcSBvOotpmH1IgkcXsO/5gEQZD43B//fc7SRT5S+xw==

d3-brush@3:
  version "3.0.0"
  resolved "https://registry.yarnpkg.com/d3-brush/-/d3-brush-3.0.0.tgz#6f767c4ed8dcb79de7ede3e1c0f89e63ef64d31c"
  integrity sha512-ALnjWlVYkXsVIGlOsuWH1+3udkYFI48Ljihfnh8FZPF2QS9o+PzGLBslO0PjzVoHLZ2KCVgAM8NVkXPJB2aNnQ==
  dependencies:
    d3-dispatch "1 - 3"
    d3-drag "2 - 3"
    d3-interpolate "1 - 3"
    d3-selection "3"
    d3-transition "3"

d3-chord@3:
  version "3.0.1"
  resolved "https://registry.yarnpkg.com/d3-chord/-/d3-chord-3.0.1.tgz#d156d61f485fce8327e6abf339cb41d8cbba6966"
  integrity sha512-VE5S6TNa+j8msksl7HwjxMHDM2yNK3XCkusIlpX5kwauBfXuyLAtNg9jCp/iHH61tgI4sb6R/EIMWCqEIdjT/g==
  dependencies:
    d3-path "1 - 3"

d3-cloud@^1.2.7:
  version "1.2.9"
  resolved "https://registry.yarnpkg.com/d3-cloud/-/d3-cloud-1.2.9.tgz#3fa02e428afc5bfb6cc17c0d3ee904cd09822aaf"
  integrity sha512-leL1GLneC9ZQtnV+6TGWrNlGfI1WX7S2arcTv2vae12DaXo5wjm6GBCkskXbrDlyOymd/A75Pyj1H37MW4BZ/Q==
  dependencies:
    d3-dispatch "^1.0.3"

"d3-color@1 - 3", d3-color@3:
  version "3.1.0"
  resolved "https://registry.yarnpkg.com/d3-color/-/d3-color-3.1.0.tgz#395b2833dfac71507f12ac2f7af23bf819de24e2"
  integrity sha512-zg/chbXyeBtMQ1LbD/WSoW2DpC3I0mpmPdW+ynRTj/x2DAWYrIY7qeZIHidozwV24m4iavr15lNwIwLxRmOxhA==

d3-contour@4:
  version "4.0.2"
  resolved "https://registry.yarnpkg.com/d3-contour/-/d3-contour-4.0.2.tgz#bb92063bc8c5663acb2422f99c73cbb6c6ae3bcc"
  integrity sha512-4EzFTRIikzs47RGmdxbeUvLWtGedDUNkTcmzoeyg4sP/dvCexO47AaQL7VKy/gul85TOxw+IBgA8US2xwbToNA==
  dependencies:
    d3-array "^3.2.0"

d3-delaunay@6:
  version "6.0.4"
  resolved "https://registry.yarnpkg.com/d3-delaunay/-/d3-delaunay-6.0.4.tgz#98169038733a0a5babbeda55054f795bb9e4a58b"
  integrity sha512-mdjtIZ1XLAM8bm/hx3WwjfHt6Sggek7qH043O8KEjDXN40xi3vx/6pYSVTwLjEgiXQTbvaouWKynLBiUZ6SK6A==
  dependencies:
    delaunator "5"

"d3-dispatch@1 - 3", d3-dispatch@3:
  version "3.0.1"
  resolved "https://registry.yarnpkg.com/d3-dispatch/-/d3-dispatch-3.0.1.tgz#5fc75284e9c2375c36c839411a0cf550cbfc4d5e"
  integrity sha512-rzUyPU/S7rwUflMyLc1ETDeBj0NRuHKKAcvukozwhshr6g6c5d8zh4c2gQjY2bZ0dXeGLWc1PF174P2tVvKhfg==

d3-dispatch@^1.0.3:
  version "1.0.6"
  resolved "https://registry.yarnpkg.com/d3-dispatch/-/d3-dispatch-1.0.6.tgz#00d37bcee4dd8cd97729dd893a0ac29caaba5d58"
  integrity sha512-fVjoElzjhCEy+Hbn8KygnmMS7Or0a9sI2UzGwoB7cCtvI1XpVN9GpoYlnb3xt2YV66oXYb1fLJ8GMvP4hdU1RA==

"d3-drag@2 - 3", d3-drag@3:
  version "3.0.0"
  resolved "https://registry.yarnpkg.com/d3-drag/-/d3-drag-3.0.0.tgz#994aae9cd23c719f53b5e10e3a0a6108c69607ba"
  integrity sha512-pWbUJLdETVA8lQNJecMxoXfH6x+mO2UQo8rSmZ+QqxcbyA3hfeprFgIT//HW2nlHChWeIIMwS2Fq+gEARkhTkg==
  dependencies:
    d3-dispatch "1 - 3"
    d3-selection "3"

"d3-dsv@1 - 3", d3-dsv@3:
  version "3.0.1"
  resolved "https://registry.yarnpkg.com/d3-dsv/-/d3-dsv-3.0.1.tgz#c63af978f4d6a0d084a52a673922be2160789b73"
  integrity sha512-UG6OvdI5afDIFP9w4G0mNq50dSOsXHJaRE8arAS5o9ApWnIElp8GZw1Dun8vP8OyHOZ/QJUKUJwxiiCCnUwm+Q==
  dependencies:
    commander "7"
    iconv-lite "0.6"
    rw "1"

"d3-ease@1 - 3", d3-ease@3:
  version "3.0.1"
  resolved "https://registry.yarnpkg.com/d3-ease/-/d3-ease-3.0.1.tgz#9658ac38a2140d59d346160f1f6c30fda0bd12f4"
  integrity sha512-wR/XK3D3XcLIZwpbvQwQ5fK+8Ykds1ip7A2Txe0yxncXSdq1L9skcG7blcedkOX+ZcgxGAmLX1FrRGbADwzi0w==

d3-fetch@3:
  version "3.0.1"
  resolved "https://registry.yarnpkg.com/d3-fetch/-/d3-fetch-3.0.1.tgz#83141bff9856a0edb5e38de89cdcfe63d0a60a22"
  integrity sha512-kpkQIM20n3oLVBKGg6oHrUchHM3xODkTzjMoj7aWQFq5QEM+R6E4WkzT5+tojDY7yjez8KgCBRoj4aEr99Fdqw==
  dependencies:
    d3-dsv "1 - 3"

d3-force@3:
  version "3.0.0"
  resolved "https://registry.yarnpkg.com/d3-force/-/d3-force-3.0.0.tgz#3e2ba1a61e70888fe3d9194e30d6d14eece155c4"
  integrity sha512-zxV/SsA+U4yte8051P4ECydjD/S+qeYtnaIyAs9tgHCqfguma/aAQDjo85A9Z6EKhBirHRJHXIgJUlffT4wdLg==
  dependencies:
    d3-dispatch "1 - 3"
    d3-quadtree "1 - 3"
    d3-timer "1 - 3"

"d3-format@1 - 3", d3-format@3:
  version "3.1.2"
  resolved "https://registry.yarnpkg.com/d3-format/-/d3-format-3.1.2.tgz#01fdb46b58beb1f55b10b42ad70b6e344d5eb2ae"
  integrity sha512-AJDdYOdnyRDV5b6ArilzCPPwc1ejkHcoyFarqlPqT7zRYjhavcT3uSrqcMvsgh2CgoPbK3RCwyHaVyxYcP2Arg==

d3-geo@3:
  version "3.1.1"
  resolved "https://registry.yarnpkg.com/d3-geo/-/d3-geo-3.1.1.tgz#6027cf51246f9b2ebd64f99e01dc7c3364033a4d"
  integrity sha512-637ln3gXKXOwhalDzinUgY83KzNWZRKbYubaG+fGVuc/dxO64RRljtCTnf5ecMyE1RIdtqpkVcq0IbtU2S8j2Q==
  dependencies:
    d3-array "2.5.0 - 3"

d3-hierarchy@3:
  version "3.1.2"
  resolved "https://registry.yarnpkg.com/d3-hierarchy/-/d3-hierarchy-3.1.2.tgz#b01cd42c1eed3d46db77a5966cf726f8c09160c6"
  integrity sha512-FX/9frcub54beBdugHjDCdikxThEqjnR93Qt7PvQTOHxyiNCAlvMrHhclk3cD5VeAaq9fxmfRp+CnWw9rEMBuA==

"d3-interpolate@1 - 3", "d3-interpolate@1.2.0 - 3", d3-interpolate@3:
  version "3.0.1"
  resolved "https://registry.yarnpkg.com/d3-interpolate/-/d3-interpolate-3.0.1.tgz#3c47aa5b32c5b3dfb56ef3fd4342078a632b400d"
  integrity sha512-3bYs1rOD33uo8aqJfKP3JWPAibgw8Zm2+L9vBKEHJ2Rg+viTR7o5Mmv5mZcieN+FRYaAOWX5SJATX6k1PWz72g==
  dependencies:
    d3-color "1 - 3"

d3-path@1:
  version "1.0.9"
  resolved "https://registry.yarnpkg.com/d3-path/-/d3-path-1.0.9.tgz#48c050bb1fe8c262493a8caf5524e3e9591701cf"
  integrity sha512-VLaYcn81dtHVTjEHd8B+pbe9yHWpXKZUC87PzoFmsFrJqgFwDe/qxfp5MlfsfM1V5E/iVt0MmEbWQ7FVIXh/bg==

"d3-path@1 - 3", d3-path@3, d3-path@^3.1.0:
  version "3.1.0"
  resolved "https://registry.yarnpkg.com/d3-path/-/d3-path-3.1.0.tgz#22df939032fb5a71ae8b1800d61ddb7851c42526"
  integrity sha512-p3KP5HCf/bvjBSSKuXid6Zqijx7wIfNW+J/maPs+iwR35at5JCbLUT0LzF1cnjbCHWhqzQTIN2Jpe8pRebIEFQ==

d3-polygon@3:
  version "3.0.1"
  resolved "https://registry.yarnpkg.com/d3-polygon/-/d3-polygon-3.0.1.tgz#0b45d3dd1c48a29c8e057e6135693ec80bf16398"
  integrity sha512-3vbA7vXYwfe1SYhED++fPUQlWSYTTGmFmQiany/gdbiWgU/iEyQzyymwL9SkJjFFuCS4902BSzewVGsHHmHtXg==

"d3-quadtree@1 - 3", d3-quadtree@3:
  version "3.0.1"
  resolved "https://registry.yarnpkg.com/d3-quadtree/-/d3-quadtree-3.0.1.tgz#6dca3e8be2b393c9a9d514dabbd80a92deef1a4f"
  integrity sha512-04xDrxQTDTCFwP5H6hRhsRcb9xxv2RzkcsygFzmkSIOJy3PeRJP7sNk3VRIbKXcog561P9oU0/rVH6vDROAgUw==

d3-random@3:
  version "3.0.1"
  resolved "https://registry.yarnpkg.com/d3-random/-/d3-random-3.0.1.tgz#d4926378d333d9c0bfd1e6fa0194d30aebaa20f4"
  integrity sha512-FXMe9GfxTxqd5D6jFsQ+DJ8BJS4E/fT5mqqdjovykEB2oFbTMDVdg1MGFxfQW+FBOGoB++k8swBrgwSHT1cUXQ==

d3-sankey@^0.12.3:
  version "0.12.3"
  resolved "https://registry.yarnpkg.com/d3-sankey/-/d3-sankey-0.12.3.tgz#b3c268627bd72e5d80336e8de6acbfec9d15d01d"
  integrity sha512-nQhsBRmM19Ax5xEIPLMY9ZmJ/cDvd1BG3UVvt5h3WRxKg5zGRbvnteTyWAbzeSvlh3tW7ZEmq4VwR5mB3tutmQ==
  dependencies:
    d3-array "1 - 2"
    d3-shape "^1.2.0"

d3-scale-chromatic@3:
  version "3.1.0"
  resolved "https://registry.yarnpkg.com/d3-scale-chromatic/-/d3-scale-chromatic-3.1.0.tgz#34c39da298b23c20e02f1a4b239bd0f22e7f1314"
  integrity sha512-A3s5PWiZ9YCXFye1o246KoscMWqf8BsD9eRiJ3He7C9OBaxKhAd5TFCdEx/7VbKtxxTsu//1mMJFrEt572cEyQ==
  dependencies:
    d3-color "1 - 3"
    d3-interpolate "1 - 3"

d3-scale@4:
  version "4.0.2"
  resolved "https://registry.yarnpkg.com/d3-scale/-/d3-scale-4.0.2.tgz#82b38e8e8ff7080764f8dcec77bd4be393689396"
  integrity sha512-GZW464g1SH7ag3Y7hXjf8RoUuAFIqklOAq3MRl4OaWabTFJY9PN/E1YklhXLh+OQ3fM9yS2nOkCoS+WLZ6kvxQ==
  dependencies:
    d3-array "2.10.0 - 3"
    d3-format "1 - 3"
    d3-interpolate "1.2.0 - 3"
    d3-time "2.1.1 - 3"
    d3-time-format "2 - 4"

"d3-selection@2 - 3", d3-selection@3:
  version "3.0.0"
  resolved "https://registry.yarnpkg.com/d3-selection/-/d3-selection-3.0.0.tgz#c25338207efa72cc5b9bd1458a1a41901f1e1b31"
  integrity sha512-fmTRWbNMmsmWq6xJV8D19U/gw/bwrHfNXxrIN+HfZgnzqTHp9jOmKMhsTUjXOJnZOdZY9Q28y4yebKzqDKlxlQ==

d3-shape@3:
  version "3.2.0"
  resolved "https://registry.yarnpkg.com/d3-shape/-/d3-shape-3.2.0.tgz#a1a839cbd9ba45f28674c69d7f855bcf91dfc6a5"
  integrity sha512-SaLBuwGm3MOViRq2ABk3eLoxwZELpH6zhl3FbAoJ7Vm1gofKx6El1Ib5z23NUEhF9AsGl7y+dzLe5Cw2AArGTA==
  dependencies:
    d3-path "^3.1.0"

d3-shape@^1.2.0:
  version "1.3.7"
  resolved "https://registry.yarnpkg.com/d3-shape/-/d3-shape-1.3.7.tgz#df63801be07bc986bc54f63789b4fe502992b5d7"
  integrity sha512-EUkvKjqPFUAZyOlhY5gzCxCeI0Aep04LwIRpsZ/mLFelJiUfnK56jo5JMDSE7yyP2kLSb6LtF+S5chMk7uqPqw==
  dependencies:
    d3-path "1"

"d3-time-format@2 - 4", d3-time-format@4:
  version "4.1.0"
  resolved "https://registry.yarnpkg.com/d3-time-format/-/d3-time-format-4.1.0.tgz#7ab5257a5041d11ecb4fe70a5c7d16a195bb408a"
  integrity sha512-dJxPBlzC7NugB2PDLwo9Q8JiTR3M3e4/XANkreKSUxF8vvXKqm1Yfq4Q5dl8budlunRVlUUaDUgFt7eA8D6NLg==
  dependencies:
    d3-time "1 - 3"

"d3-time@1 - 3", "d3-time@2.1.1 - 3", d3-time@3:
  version "3.1.0"
  resolved "https://registry.yarnpkg.com/d3-time/-/d3-time-3.1.0.tgz#9310db56e992e3c0175e1ef385e545e48a9bb5c7"
  integrity sha512-VqKjzBLejbSMT4IgbmVgDjpkYrNWUYJnbCGo874u7MMKIWsILRX+OpX/gTk8MqjpT1A/c6HY2dCA77ZN0lkQ2Q==
  dependencies:
    d3-array "2 - 3"

"d3-timer@1 - 3", d3-timer@3:
  version "3.0.1"
  resolved "https://registry.yarnpkg.com/d3-timer/-/d3-timer-3.0.1.tgz#6284d2a2708285b1abb7e201eda4380af35e63b0"
  integrity sha512-ndfJ/JxxMd3nw31uyKoY2naivF+r29V+Lc0svZxe1JvvIRmi8hUsrMvdOwgS1o6uBHmiz91geQ0ylPP0aj1VUA==

"d3-transition@2 - 3", d3-transition@3:
  version "3.0.1"
  resolved "https://registry.yarnpkg.com/d3-transition/-/d3-transition-3.0.1.tgz#6869fdde1448868077fdd5989200cb61b2a1645f"
  integrity sha512-ApKvfjsSR6tg06xrL434C0WydLr7JewBB3V+/39RMHsaXTOG0zmt/OAXeng5M5LBm0ojmxJrpomQVZ1aPvBL4w==
  dependencies:
    d3-color "1 - 3"
    d3-dispatch "1 - 3"
    d3-ease "1 - 3"
    d3-interpolate "1 - 3"
    d3-timer "1 - 3"

d3-zoom@3:
  version "3.0.0"
  resolved "https://registry.yarnpkg.com/d3-zoom/-/d3-zoom-3.0.0.tgz#d13f4165c73217ffeaa54295cd6969b3e7aee8f3"
  integrity sha512-b8AmV3kfQaqWAuacbPuNbL6vahnOJflOhexLzMMNLga62+/nh0JzvJ0aO/5a5MVgUFGS7Hu1P9P03o3fJkDCyw==
  dependencies:
    d3-dispatch "1 - 3"
    d3-drag "2 - 3"
    d3-interpolate "1 - 3"
    d3-selection "2 - 3"
    d3-transition "2 - 3"

d3@^7.9.0:
  version "7.9.0"
  resolved "https://registry.yarnpkg.com/d3/-/d3-7.9.0.tgz#579e7acb3d749caf8860bd1741ae8d371070cd5d"
  integrity sha512-e1U46jVP+w7Iut8Jt8ri1YsPOvFpg46k+K8TpCb0P+zjCkjkPnV7WzfDJzMHy1LnA+wj5pLT1wjO901gLXeEhA==
  dependencies:
    d3-array "3"
    d3-axis "3"
    d3-brush "3"
    d3-chord "3"
    d3-color "3"
    d3-contour "4"
    d3-delaunay "6"
    d3-dispatch "3"
    d3-drag "3"
    d3-dsv "3"
    d3-ease "3"
    d3-fetch "3"
    d3-force "3"
    d3-format "3"
    d3-geo "3"
    d3-hierarchy "3"
    d3-interpolate "3"
    d3-path "3"
    d3-polygon "3"
    d3-quadtree "3"
    d3-random "3"
    d3-scale "4"
    d3-scale-chromatic "3"
    d3-selection "3"
    d3-shape "3"
    d3-time "3"
    d3-time-format "4"
    d3-timer "3"
    d3-transition "3"
    d3-zoom "3"

date-fns@^4.1.0:
  version "4.4.0"
  resolved "https://registry.yarnpkg.com/date-fns/-/date-fns-4.4.0.tgz#806539edf45c616b2b76b5f78b88c56ed3c7e036"
  integrity sha512-+1UMbeh68lH1SegH83CGWwpb6OHHbpSgr3+s5Eww5M4CAgswBpoWS0AjTOfEJ33HiYKz1hdj/KTFprzXHmq/6w==

delaunator@5:
  version "5.1.0"
  resolved "https://registry.yarnpkg.com/delaunator/-/delaunator-5.1.0.tgz#d13271fbf3aff6753f9ea6e235557f20901046ea"
  integrity sha512-AGrQ4QSgssa1NGmWmLPqN5NY2KajF5MqxetNEO+o0n3ZwZZeTmt7bBnvzHWrmkZFxGgr4HdyFgelzgi06otLuQ==
  dependencies:
    robust-predicates "^3.0.2"

detect-libc@^2.0.3:
  version "2.1.2"
  resolved "https://registry.yarnpkg.com/detect-libc/-/detect-libc-2.1.2.tgz#689c5dcdc1900ef5583a4cb9f6d7b473742074ad"
  integrity sha512-Btj2BOOO83o3WyH59e8MgXsxEQVcarkUOpEYrubB0urwnN10yQ364rsiByU11nZlqWYZm05i/of7io4mzihBtQ==

dompurify@^3.4.12:
  version "3.4.13"
  resolved "https://registry.yarnpkg.com/dompurify/-/dompurify-3.4.13.tgz#fc28949d59f92d62e28a3a764bcbeee35897a1be"
  integrity sha512-2vmYIoqjze2d+kakP8S/nS5shfsl587kzwEjcGlTdiksUVgFHnFCsLYDVj/JNqJVOQZGSYBTmuycv0PodwmnMQ==
  optionalDependencies:
    "@types/trusted-types" "^2.0.7"

html-to-image@1.11.11:
  version "1.11.11"
  resolved "https://registry.yarnpkg.com/html-to-image/-/html-to-image-1.11.11.tgz#c0f8a34dc9e4b97b93ff7ea286eb8562642ebbea"
  integrity sha512-9gux8QhvjRO/erSnDPv28noDZcPZmYE7e1vFsBLKLlRlKDSqNJYebj6Qz1TGd5lsRV+X+xYyjCKjuZdABinWjA==

iconv-lite@0.6:
  version "0.6.3"
  resolved "https://registry.yarnpkg.com/iconv-lite/-/iconv-lite-0.6.3.tgz#a52f80bf38da1952eb5c681790719871a1a72501"
  integrity sha512-4fCk79wshMdzMp2rH06qWrJE4iolqLhCUH+OiuIgU++RB0+94NlDL81atO7GX55uUKueo0txHNtvEyI6D7WdMw==
  dependencies:
    safer-buffer ">= 2.1.2 < 3.0.0"

immutable@^5.1.5:
  version "5.1.9"
  resolved "https://registry.yarnpkg.com/immutable/-/immutable-5.1.9.tgz#ac23c3a01992ab665e14ac9ffff298f28cd74a0c"
  integrity sha512-m8nVez3rwrgmWxtLMt1ZYXB2Lv7OKYn/disyxAlSDYAlKSlFoPPfIAmAM/M5xqL4m4C/wAPw7S2/CNaUii1Hxg==

"internmap@1 - 2":
  version "2.0.3"
  resolved "https://registry.yarnpkg.com/internmap/-/internmap-2.0.3.tgz#6685f23755e43c524e251d29cbc97248e3061009"
  integrity sha512-5Hh7Y1wQbvY5ooGgPbDaL5iYLAPzMTUrjMulskHLH6wnv/A+1q5rgEaiuqEjB+oxGXIVZs1FF+R/KPN3ZSQYYg==

internmap@^1.0.0:
  version "1.0.1"
  resolved "https://registry.yarnpkg.com/internmap/-/internmap-1.0.1.tgz#0017cc8a3b99605f0302f2b198d272e015e5df95"
  integrity sha512-lDB5YccMydFBtasVtxnZ3MRBHuaoE8GKsppq+EchKL2U4nK/DmEpPHNH8MZe5HkMtpSiTSOZwfN0tzYjO/lJEw==

is-arrayish@^0.3.1:
  version "0.3.4"
  resolved "https://registry.yarnpkg.com/is-arrayish/-/is-arrayish-0.3.4.tgz#1ee5553818511915685d33bb13d31bf854e5059d"
  integrity sha512-m6UrgzFVUYawGBh1dUsWR5M2Clqic9RVXC/9f8ceNlv2IcO9j9J/z8UoCLPqtsPBFNzEpfR3xftohbfqDx8EQA==

is-extglob@^2.1.1:
  version "2.1.1"
  resolved "https://registry.yarnpkg.com/is-extglob/-/is-extglob-2.1.1.tgz#a88c02535791f02ed37c76a1b9ea9773c833f8c2"
  integrity sha512-SbKbANkN603Vi4jEZv49LeVJMn4yGwsbzZworEoyEiutsN3nJYdbO36zfhGJ6QEDpOZIFkDtnq5JRxmvl3jsoQ==

is-glob@^4.0.3:
  version "4.0.3"
  resolved "https://registry.yarnpkg.com/is-glob/-/is-glob-4.0.3.tgz#64f61e42cbbb2eec2071a9dac0b28ba1e65d5084"
  integrity sha512-xelSayHH36ZgE7ZWhli7pW34hNbNl8Ojv5KVmkJD4hBdD3th8Tfk9vYasLM+mXWOZhFkgZfxhLSnrwRr4elSSg==
  dependencies:
    is-extglob "^2.1.1"

lodash-es@^4.18.0:
  version "4.18.1"
  resolved "https://registry.yarnpkg.com/lodash-es/-/lodash-es-4.18.1.tgz#b962eeb80d9d983a900bf342961fb7418ca10b1d"
  integrity sha512-J8xewKD/Gk22OZbhpOVSwcs60zhd95ESDwezOFuA3/099925PdHJ7OFHNTGtajL3AlZkykD32HykiMo+BIBI8A==

node-addon-api@^7.0.0:
  version "7.1.1"
  resolved "https://registry.yarnpkg.com/node-addon-api/-/node-addon-api-7.1.1.tgz#1aba6693b0f255258a049d621329329322aad558"
  integrity sha512-5m3bsyrjFWE1xf7nz7YXdN4udnVtXK6/Yfgn5qnahL6bCkf2yKt4k3nuTKAtT4r3IG8JNR2ncsIMdZuAzJjHQQ==

picomatch@^4.0.4:
  version "4.0.5"
  resolved "https://registry.yarnpkg.com/picomatch/-/picomatch-4.0.5.tgz#51ea57a17d86f605f81039595fbc40ed06a55fab"
  integrity sha512-RvwwcruNjI1ncT5xRakeyS9Lf8lcItv34KD+aif+VH9kduAyfYBipGh12274xtenIPZ119/R9BdTBa8gAwSh0A==

readdirp@^5.0.0:
  version "5.0.0"
  resolved "https://registry.yarnpkg.com/readdirp/-/readdirp-5.0.0.tgz#fbf1f71a727891d685bb1786f9ba74084f6e2f91"
  integrity sha512-9u/XQ1pvrQtYyMpZe7DXKv2p5CNvyVwzUB6uhLAnQwHMSgKMBR62lc7AHljaeteeHXn11XTAaLLUVZYVZyuRBQ==

robust-predicates@^3.0.2:
  version "3.0.3"
  resolved "https://registry.yarnpkg.com/robust-predicates/-/robust-predicates-3.0.3.tgz#1099061b3349e2c5abec6c2ab0acd440d24d4062"
  integrity sha512-NS3levdsRIUOmiJ8FZWCP7LG3QpJyrs/TE0Zpf1yvZu8cAJJ6QMW92H1c7kWpdIHo8RvmLxN/o2JXTKHp74lUA==

rw@1:
  version "1.3.3"
  resolved "https://registry.yarnpkg.com/rw/-/rw-1.3.3.tgz#3f862dfa91ab766b14885ef4d01124bfda074fb4"
  integrity sha512-PdhdWy89SiZogBLaw42zdeqtRJ//zFd2PgQavcICDUgJT5oW10QCRKbJ6bg4r0/UY2M6BWd5tkxuGFRvCkgfHQ==

"safer-buffer@>= 2.1.2 < 3.0.0":
  version "2.1.2"
  resolved "https://registry.yarnpkg.com/safer-buffer/-/safer-buffer-2.1.2.tgz#44fa161b0187b9549dd84bb91802f9bd8385cd6a"
  integrity sha512-YZo3K82SD7Riyi0E1EQPojLz7kpepnSQI9IyPbHHg1XXXevb5dJI7tpyN2ADxGcQbHG7vcyRHk0cbwqcQriUtg==

sass@1.103.1:
  version "1.103.1"
  resolved "https://registry.yarnpkg.com/sass/-/sass-1.103.1.tgz#13b70f5ff69288db956dc27d27c8fb79f3a27c61"
  integrity sha512-9icZURbP51S6S0QGoyaeqk9uB06GNWxsFYWfH5RgpFgqK5FA8tJcM3AdVxrZEVJ7dz+L87nG95gBKf4VuaMHGw==
  dependencies:
    chokidar "^5.0.0"
    immutable "^5.1.5"
    source-map-js ">=0.6.2 <2.0.0"
  optionalDependencies:
    "@parcel/watcher" "^2.4.1"

simple-swizzle@^0.2.2:
  version "0.2.4"
  resolved "https://registry.yarnpkg.com/simple-swizzle/-/simple-swizzle-0.2.4.tgz#a8d11a45a11600d6a1ecdff6363329e3648c3667"
  integrity sha512-nAu1WFPQSMNr2Zn9PGSZK9AGn4t/y97lEm+MXTtUDwfP0ksAIX4nO+6ruD9Jwut4C49SB1Ws+fbXsm/yScWOHw==
  dependencies:
    is-arrayish "^0.3.1"

"source-map-js@>=0.6.2 <2.0.0":
  version "1.2.1"
  resolved "https://registry.yarnpkg.com/source-map-js/-/source-map-js-1.2.1.tgz#1ce5650fddd87abc099eda37dcff024c2667ae46"
  integrity sha512-UXWMKhLOwVKb728IUtQPXxfYU+usdybtUrK/8uGE8CQMvrhOpwvzDBwj0QhSL7MQc7vIsISBG8VQ8+IDQxpfQA==

topojson-client@^3.1.0:
  version "3.1.0"
  resolved "https://registry.yarnpkg.com/topojson-client/-/topojson-client-3.1.0.tgz#22e8b1ed08a2b922feeb4af6f53b6ef09a467b99"
  integrity sha512-605uxS6bcYxGXw9qi62XyrV6Q3xwbndjachmNxu8HWTtVPxZfEJN9fd/SZS1Q54Sn2y0TMyMxFj/cJINqGHrKw==
  dependencies:
    commander "2"

tslib@^2.8.1:
  version "2.8.1"
  resolved "https://registry.yarnpkg.com/tslib/-/tslib-2.8.1.tgz#612efe4ed235d567e8aba5f2a5fab70280ade83f"
  integrity sha512-oJFu94HQb+KVduSUQL7wnpmqnfmLsOA/nAh6b6EH0wCEoK0/mPeXU6c3wKDV83MkOuHPRHtSXKKU99IBazS/2w==
